
Microsoft Visual Studio Solution File, Format Version 12.00
# Visual Studio Version 16
VisualStudioVersion = 16.0.31624.102
MinimumVisualStudioVersion = 10.0.40219.1
Project("{8BC9CEB8-8B4A-11D0-8D11-00A0C91BC942}") = "boolcalc", "boolcalc.vcxproj", "{61E1A99C-2E03-4EB6-9D6C-DBD09BC89C82}"
EndProject
Global
	GlobalSection(SolutionConfigurationPlatforms) = preSolution
		Debug|x64 = Debug|x64
		Debug|x86 = Debug|x86
		Release|x64 = Release|x64
		Release|x86 = Release|x86
	EndGlobalSection
	GlobalSection(ProjectConfigurationPlatforms) = postSolution
		{61E1A99C-2E03-4EB6-9D6C-DBD09BC89C82}.Debug|x64.ActiveCfg = Debug|x64
		{61E1A99C-2E03-4EB6-9D6C-DBD09BC89C82}.Debug|x64.Build.0 = Debug|x64
		{61E1A99C-2E03-4EB6-9D6C-DBD09BC89C82}.Debug|x86.ActiveCfg = Debug|Win32
		{61E1A99C-2E03-4EB6-9D6C-DBD09BC89C82}.Debug|x86.Build.0 = Debug|Win32
		{61E1A99C-2E03-4EB6-9D6C-DBD09BC89C82}.Release|x64.ActiveCfg = Release|x64
		{61E1A99C-2E03-4EB6-9D6C-DBD09BC89C82}.Release|x64.Build.0 = Release|x64
		{61E1A99C-2E03-4EB6-9D6C-DBD09BC89C82}.Release|x86.ActiveCfg = Release|Win32
		{61E1A99C-2E03-4EB6-9D6C-DBD09BC89C82}.Release|x86.Build.0 = Release|Win32
	EndGlobalSection
	GlobalSection(SolutionProperties) = preSolution
		HideSolutionNode = FALSE
	EndGlobalSection
	GlobalSection(ExtensibilityGlobals) = postSolution
		SolutionGuid = {324318C3-8CB0-4B66-B341-06A24F0D568A}
	EndGlobalSection
EndGlobal
